
Microsoft Visual Studio Solution File, Format Version 12.00
# Visual Studio Version 17
VisualStudioVersion = 17.10.35013.160
MinimumVisualStudioVersion = 10.0.40219.1
Project("{FAE04EC0-301F-11D3-BF4B-00C04F79EFBC}") = "AssignmentOOP2", "AssignmentOOP2\AssignmentOOP2.csproj", "{637265C0-167D-447D-816E-54AAF204E14C}"
EndProject
Global
	GlobalSection(SolutionConfigurationPlatforms) = preSolution
		Debug|Any CPU = Debug|Any CPU
		Release|Any CPU = Release|Any CPU
	EndGlobalSection
	GlobalSection(ProjectConfigurationPlatforms) = postSolution
		{637265C0-167D-447D-816E-54AAF204E14C}.Debug|Any CPU.ActiveCfg = Debug|Any CPU
		{637265C0-167D-447D-816E-54AAF204E14C}.Debug|Any CPU.Build.0 = Debug|Any CPU
		{637265C0-167D-447D-816E-54AAF204E14C}.Release|Any CPU.ActiveCfg = Release|Any CPU
		{637265C0-167D-447D-816E-54AAF204E14C}.Release|Any CPU.Build.0 = Release|Any CPU
	EndGlobalSection
	GlobalSection(SolutionProperties) = preSolution
		HideSolutionNode = FALSE
	EndGlobalSection
	GlobalSection(ExtensibilityGlobals) = postSolution
		SolutionGuid = {A804ABAC-F742-4BA3-A318-854FC7647C68}
	EndGlobalSection
EndGlobal
